// !$*UTF8*$!
{
	archiveVersion = 1;
	classes = {
	};
	objectVersion = 77;
	objects = {

/* Begin PBXBuildFile section */
		891A9E212D63D6A300D3C538 /* HybridAIApp.swift in Sources */ = {isa = PBXBuildFile; fileRef = 891A9E1E2D63D6A300D3C538 /* HybridAIApp.swift */; };
		891A9E222D63D6A300D3C538 /* Preview Assets.xcassets in Resources */ = {isa = PBXBuildFile; fileRef = 891A9E1A2D63D6A300D3C538 /* Preview Assets.xcassets */; };
		891A9E232D63D6A300D3C538 /* Assets.xcassets in Resources */ = {isa = PBXBuildFile; fileRef = 891A9E1C2D63D6A300D3C538 /* Assets.xcassets */; };
		891A9E282D63D83E00D3C538 /* LoadingView.swift in Sources */ = {isa = PBXBuildFile; fileRef = 891A9E272D63D83E00D3C538 /* LoadingView.swift */; };
		891A9E2B2D63D86300D3C538 /* Design.swift in Sources */ = {isa = PBXBuildFile; fileRef = 891A9E2A2D63D86200D3C538 /* Design.swift */; };
		891A9E2E2D63D8F000D3C538 /* GoalView.swift in Sources */ = {isa = PBXBuildFile; fileRef = 891A9E2D2D63D8F000D3C538 /* GoalView.swift */; };
		891A9E342D63D9C400D3C538 /* SupabaseService.swift in Sources */ = {isa = PBXBuildFile; fileRef = 891A9E332D63D9C000D3C538 /* SupabaseService.swift */; };
		891A9E372D63D9F900D3C538 /* Auth in Frameworks */ = {isa = PBXBuildFile; productRef = 891A9E362D63D9F900D3C538 /* Auth */; };
		891A9E392D63D9F900D3C538 /* Functions in Frameworks */ = {isa = PBXBuildFile; productRef = 891A9E382D63D9F900D3C538 /* Functions */; };
		891A9E3B2D63D9F900D3C538 /* PostgREST in Frameworks */ = {isa = PBXBuildFile; productRef = 891A9E3A2D63D9F900D3C538 /* PostgREST */; };
		891A9E3D2D63D9F900D3C538 /* Realtime in Frameworks */ = {isa = PBXBuildFile; productRef = 891A9E3C2D63D9F900D3C538 /* Realtime */; };
		891A9E3F2D63D9F900D3C538 /* Storage in Frameworks */ = {isa = PBXBuildFile; productRef = 891A9E3E2D63D9F900D3C538 /* Storage */; };
		891A9E412D63D9F900D3C538 /* Supabase in Frameworks */ = {isa = PBXBuildFile; productRef = 891A9E402D63D9F900D3C538 /* Supabase */; };
		891A9E432D63DA4E00D3C538 /* User.swift in Sources */ = {isa = PBXBuildFile; fileRef = 891A9E422D63DA4D00D3C538 /* User.swift */; };
		891A9E452D63DB2A00D3C538 /* UserService.swift in Sources */ = {isa = PBXBuildFile; fileRef = 891A9E442D63DB2700D3C538 /* UserService.swift */; };
		891A9E4E2D6419FD00D3C538 /* Navigation.swift in Sources */ = {isa = PBXBuildFile; fileRef = 891A9E4D2D6419FB00D3C538 /* Navigation.swift */; };
		891A9E502D641A0300D3C538 /* NavigationViews.swift in Sources */ = {isa = PBXBuildFile; fileRef = 891A9E4F2D641A0000D3C538 /* NavigationViews.swift */; };
		891A9E532D641A1500D3C538 /* NavigationTypes.swift in Sources */ = {isa = PBXBuildFile; fileRef = 891A9E522D641A1200D3C538 /* NavigationTypes.swift */; };
		891A9E592D64205200D3C538 /* ExperienceView.swift in Sources */ = {isa = PBXBuildFile; fileRef = 891A9E582D64205200D3C538 /* ExperienceView.swift */; };
		891A9E5B2D64205D00D3C538 /* EquipmentView.swift in Sources */ = {isa = PBXBuildFile; fileRef = 891A9E5A2D64205D00D3C538 /* EquipmentView.swift */; };
		891A9E5D2D64206A00D3C538 /* ConfiguringView.swift in Sources */ = {isa = PBXBuildFile; fileRef = 891A9E5C2D64206A00D3C538 /* ConfiguringView.swift */; };
		891A9E612D64208000D3C538 /* CreateAccountView.swift in Sources */ = {isa = PBXBuildFile; fileRef = 891A9E602D64208000D3C538 /* CreateAccountView.swift */; };
		891A9E632D64208C00D3C538 /* OneTimeCodeView.swift in Sources */ = {isa = PBXBuildFile; fileRef = 891A9E622D64208C00D3C538 /* OneTimeCodeView.swift */; };
		891A9E652D64209B00D3C538 /* TrainingView.swift in Sources */ = {isa = PBXBuildFile; fileRef = 891A9E642D64209B00D3C538 /* TrainingView.swift */; };
		891A9E692D6420AE00D3C538 /* ProgramDetailView.swift in Sources */ = {isa = PBXBuildFile; fileRef = 891A9E682D6420AE00D3C538 /* ProgramDetailView.swift */; };
		891A9E6B2D6420B800D3C538 /* CalendarView.swift in Sources */ = {isa = PBXBuildFile; fileRef = 891A9E6A2D6420B800D3C538 /* CalendarView.swift */; };
		891A9E6F2D6420D000D3C538 /* WorkoutDetailView.swift in Sources */ = {isa = PBXBuildFile; fileRef = 891A9E6E2D6420D000D3C538 /* WorkoutDetailView.swift */; };
		891A9E712D64211500D3C538 /* StartProgramView.swift in Sources */ = {isa = PBXBuildFile; fileRef = 891A9E702D64211500D3C538 /* StartProgramView.swift */; };
		891A9E732D64213400D3C538 /* ExerciseDetailView.swift in Sources */ = {isa = PBXBuildFile; fileRef = 891A9E722D64213400D3C538 /* ExerciseDetailView.swift */; };
		891A9E752D64214B00D3C538 /* SettingsView.swift in Sources */ = {isa = PBXBuildFile; fileRef = 891A9E742D64214B00D3C538 /* SettingsView.swift */; };
		893C913C2D6BFB5D00528A6E /* AuthService.swift in Sources */ = {isa = PBXBuildFile; fileRef = 893C913B2D6BFB5800528A6E /* AuthService.swift */; };
		8941E3652D7A7648009FF924 /* CurrentWeeklyMiles.swift in Sources */ = {isa = PBXBuildFile; fileRef = 8941E3642D7A7648009FF924 /* CurrentWeeklyMiles.swift */; };
		8962A86A2D765E0E00E86C7D /* ProgramService.swift in Sources */ = {isa = PBXBuildFile; fileRef = 8962A8692D765E0B00E86C7D /* ProgramService.swift */; };
		8962A86D2D765E9600E86C7D /* TrainingViewModel.swift in Sources */ = {isa = PBXBuildFile; fileRef = 8962A86C2D765E9300E86C7D /* TrainingViewModel.swift */; };
		8962A8702D76613E00E86C7D /* ProgramDetailViewModel.swift in Sources */ = {isa = PBXBuildFile; fileRef = 8962A86F2D76613A00E86C7D /* ProgramDetailViewModel.swift */; };
		8962A8722D7661E500E86C7D /* ErrorView.swift in Sources */ = {isa = PBXBuildFile; fileRef = 8962A8712D7661E500E86C7D /* ErrorView.swift */; };
		8962A8742D7665D000E86C7D /* StartProgramViewModel.swift in Sources */ = {isa = PBXBuildFile; fileRef = 8962A8732D7665CC00E86C7D /* StartProgramViewModel.swift */; };
		8962A8762D76691200E86C7D /* DayView.swift in Sources */ = {isa = PBXBuildFile; fileRef = 8962A8752D76691200E86C7D /* DayView.swift */; };
		8962A8782D76692E00E86C7D /* DayViewModel.swift in Sources */ = {isa = PBXBuildFile; fileRef = 8962A8772D76692C00E86C7D /* DayViewModel.swift */; };
		8962A87B2D76699B00E86C7D /* WorkoutCell.swift in Sources */ = {isa = PBXBuildFile; fileRef = 8962A87A2D76699B00E86C7D /* WorkoutCell.swift */; };
		8962A87D2D776A7F00E86C7D /* CreateProgram.swift in Sources */ = {isa = PBXBuildFile; fileRef = 8962A87C2D776A7D00E86C7D /* CreateProgram.swift */; };
		8962A8812D776FE800E86C7D /* WeekCell.swift in Sources */ = {isa = PBXBuildFile; fileRef = 8962A8802D776FE800E86C7D /* WeekCell.swift */; };
		8962A8832D77719C00E86C7D /* DayCell.swift in Sources */ = {isa = PBXBuildFile; fileRef = 8962A8822D77719C00E86C7D /* DayCell.swift */; };
		8962A8862D778BA300E86C7D /* ExerciseCell.swift in Sources */ = {isa = PBXBuildFile; fileRef = 8962A8852D778BA300E86C7D /* ExerciseCell.swift */; };
		8962A8882D77936F00E86C7D /* Mileage.swift in Sources */ = {isa = PBXBuildFile; fileRef = 8962A8872D77936700E86C7D /* Mileage.swift */; };
		8962A88A2D78A21400E86C7D /* RunningWorkouts.swift in Sources */ = {isa = PBXBuildFile; fileRef = 8962A8892D78A1FA00E86C7D /* RunningWorkouts.swift */; };
		8962A88C2D78A21D00E86C7D /* Lifts.swift in Sources */ = {isa = PBXBuildFile; fileRef = 8962A88B2D78A21B00E86C7D /* Lifts.swift */; };
		896B47212D6643A100A8F3D9 /* LandingPageView.swift in Sources */ = {isa = PBXBuildFile; fileRef = 896B47202D6643A100A8F3D9 /* LandingPageView.swift */; };
		896B47232D6643AC00A8F3D9 /* SignInView.swift in Sources */ = {isa = PBXBuildFile; fileRef = 896B47222D6643AC00A8F3D9 /* SignInView.swift */; };
		896B47252D664BFA00A8F3D9 /* CoordinatorLink.swift in Sources */ = {isa = PBXBuildFile; fileRef = 896B47242D664BFA00A8F3D9 /* CoordinatorLink.swift */; };
		896B47272D664EFC00A8F3D9 /* LoggedInView.swift in Sources */ = {isa = PBXBuildFile; fileRef = 896B47262D664EFC00A8F3D9 /* LoggedInView.swift */; };
		896B472C2D66507400A8F3D9 /* SelectListRow.swift in Sources */ = {isa = PBXBuildFile; fileRef = 896B472B2D66507400A8F3D9 /* SelectListRow.swift */; };
		896B472E2D66526900A8F3D9 /* StyledButton.swift in Sources */ = {isa = PBXBuildFile; fileRef = 896B472D2D66526900A8F3D9 /* StyledButton.swift */; };
		898999A72D681D7F00197218 /* SelectPriceRow.swift in Sources */ = {isa = PBXBuildFile; fileRef = 898999A62D681D7F00197218 /* SelectPriceRow.swift */; };
		898999A92D68213700197218 /* BulletPoint.swift in Sources */ = {isa = PBXBuildFile; fileRef = 898999A82D68213700197218 /* BulletPoint.swift */; };
		89B04D5E2D657DAA0093CE6E /* Program.swift in Sources */ = {isa = PBXBuildFile; fileRef = 89B04D5D2D657DA90093CE6E /* Program.swift */; };
		89B5740F2D70E49400B31183 /* ReceiptParser in Frameworks */ = {isa = PBXBuildFile; productRef = 89B5740E2D70E49400B31183 /* ReceiptParser */; };
		89B574112D70E49400B31183 /* RevenueCat in Frameworks */ = {isa = PBXBuildFile; productRef = 89B574102D70E49400B31183 /* RevenueCat */; };
		89B574132D70E49400B31183 /* RevenueCatUI in Frameworks */ = {isa = PBXBuildFile; productRef = 89B574122D70E49400B31183 /* RevenueCatUI */; };
		89B574172D70FA1400B31183 /* RevenueCatService.swift in Sources */ = {isa = PBXBuildFile; fileRef = 89B574162D70FA0F00B31183 /* RevenueCatService.swift */; };
		89B78EC92D666CC9004D0857 /* OnboardingViewModel.swift in Sources */ = {isa = PBXBuildFile; fileRef = 89B78EC82D666CC5004D0857 /* OnboardingViewModel.swift */; };
		89CAAEE72D67B4CA006F516B /* RaceGoalTimeView.swift in Sources */ = {isa = PBXBuildFile; fileRef = 89CAAEE62D67B4CA006F516B /* RaceGoalTimeView.swift */; };
		89CAAEE92D67B4E1006F516B /* PriorityView.swift in Sources */ = {isa = PBXBuildFile; fileRef = 89CAAEE82D67B4E1006F516B /* PriorityView.swift */; };
		89CAAEEB2D67B53E006F516B /* WeeklyRunsView.swift in Sources */ = {isa = PBXBuildFile; fileRef = 89CAAEEA2D67B53E006F516B /* WeeklyRunsView.swift */; };
		89CAAEED2D67B548006F516B /* WeeklyLiftsView.swift in Sources */ = {isa = PBXBuildFile; fileRef = 89CAAEEC2D67B548006F516B /* WeeklyLiftsView.swift */; };
		89CAAEEF2D67B570006F516B /* PaywallView.swift in Sources */ = {isa = PBXBuildFile; fileRef = 89CAAEEE2D67B570006F516B /* PaywallView.swift */; };
		89F1B8782D7013590025BAE6 /* StoreKit.framework in Frameworks */ = {isa = PBXBuildFile; fileRef = 89F1B8772D7013590025BAE6 /* StoreKit.framework */; };
		89F1B87C2D7014220025BAE6 /* Subscriptions.storekit in Resources */ = {isa = PBXBuildFile; fileRef = 89F1B87B2D7014220025BAE6 /* Subscriptions.storekit */; };
/* End PBXBuildFile section */

/* Begin PBXContainerItemProxy section */
		891A9DFE2D63CF1D00D3C538 /* PBXContainerItemProxy */ = {
			isa = PBXContainerItemProxy;
			containerPortal = 891A9DE52D63CF1C00D3C538 /* Project object */;
			proxyType = 1;
			remoteGlobalIDString = 891A9DEC2D63CF1C00D3C538;
			remoteInfo = HybridAI;
		};
		891A9E082D63CF1D00D3C538 /* PBXContainerItemProxy */ = {
			isa = PBXContainerItemProxy;
			containerPortal = 891A9DE52D63CF1C00D3C538 /* Project object */;
			proxyType = 1;
			remoteGlobalIDString = 891A9DEC2D63CF1C00D3C538;
			remoteInfo = HybridAI;
		};
/* End PBXContainerItemProxy section */

/* Begin PBXFileReference section */
		891A9DED2D63CF1C00D3C538 /* HybridAI.app */ = {isa = PBXFileReference; explicitFileType = wrapper.application; includeInIndex = 0; path = HybridAI.app; sourceTree = BUILT_PRODUCTS_DIR; };
		891A9DFD2D63CF1D00D3C538 /* HybridAITests.xctest */ = {isa = PBXFileReference; explicitFileType = wrapper.cfbundle; includeInIndex = 0; path = HybridAITests.xctest; sourceTree = BUILT_PRODUCTS_DIR; };
		891A9E072D63CF1D00D3C538 /* HybridAIUITests.xctest */ = {isa = PBXFileReference; explicitFileType = wrapper.cfbundle; includeInIndex = 0; path = HybridAIUITests.xctest; sourceTree = BUILT_PRODUCTS_DIR; };
		891A9E1A2D63D6A300D3C538 /* Preview Assets.xcassets */ = {isa = PBXFileReference; lastKnownFileType = folder.assetcatalog; path = "Preview Assets.xcassets"; sourceTree = "<group>"; };
		891A9E1C2D63D6A300D3C538 /* Assets.xcassets */ = {isa = PBXFileReference; lastKnownFileType = folder.assetcatalog; path = Assets.xcassets; sourceTree = "<group>"; };
		891A9E1E2D63D6A300D3C538 /* HybridAIApp.swift */ = {isa = PBXFileReference; lastKnownFileType = sourcecode.swift; path = HybridAIApp.swift; sourceTree = "<group>"; };
		891A9E272D63D83E00D3C538 /* LoadingView.swift */ = {isa = PBXFileReference; lastKnownFileType = sourcecode.swift; path = LoadingView.swift; sourceTree = "<group>"; };
		891A9E2A2D63D86200D3C538 /* Design.swift */ = {isa = PBXFileReference; lastKnownFileType = sourcecode.swift; path = Design.swift; sourceTree = "<group>"; };
		891A9E2D2D63D8F000D3C538 /* GoalView.swift */ = {isa = PBXFileReference; lastKnownFileType = sourcecode.swift; path = GoalView.swift; sourceTree = "<group>"; };
		891A9E332D63D9C000D3C538 /* SupabaseService.swift */ = {isa = PBXFileReference; lastKnownFileType = sourcecode.swift; path = SupabaseService.swift; sourceTree = "<group>"; };
		891A9E422D63DA4D00D3C538 /* User.swift */ = {isa = PBXFileReference; lastKnownFileType = sourcecode.swift; path = User.swift; sourceTree = "<group>"; };
		891A9E442D63DB2700D3C538 /* UserService.swift */ = {isa = PBXFileReference; lastKnownFileType = sourcecode.swift; path = UserService.swift; sourceTree = "<group>"; };
		891A9E4D2D6419FB00D3C538 /* Navigation.swift */ = {isa = PBXFileReference; lastKnownFileType = sourcecode.swift; path = Navigation.swift; sourceTree = "<group>"; };
		891A9E4F2D641A0000D3C538 /* NavigationViews.swift */ = {isa = PBXFileReference; lastKnownFileType = sourcecode.swift; path = NavigationViews.swift; sourceTree = "<group>"; };
		891A9E522D641A1200D3C538 /* NavigationTypes.swift */ = {isa = PBXFileReference; lastKnownFileType = sourcecode.swift; path = NavigationTypes.swift; sourceTree = "<group>"; };
		891A9E582D64205200D3C538 /* ExperienceView.swift */ = {isa = PBXFileReference; lastKnownFileType = sourcecode.swift; path = ExperienceView.swift; sourceTree = "<group>"; };
		891A9E5A2D64205D00D3C538 /* EquipmentView.swift */ = {isa = PBXFileReference; lastKnownFileType = sourcecode.swift; path = EquipmentView.swift; sourceTree = "<group>"; };
		891A9E5C2D64206A00D3C538 /* ConfiguringView.swift */ = {isa = PBXFileReference; lastKnownFileType = sourcecode.swift; path = ConfiguringView.swift; sourceTree = "<group>"; };
		891A9E602D64208000D3C538 /* CreateAccountView.swift */ = {isa = PBXFileReference; lastKnownFileType = sourcecode.swift; path = CreateAccountView.swift; sourceTree = "<group>"; };
		891A9E622D64208C00D3C538 /* OneTimeCodeView.swift */ = {isa = PBXFileReference; lastKnownFileType = sourcecode.swift; path = OneTimeCodeView.swift; sourceTree = "<group>"; };
		891A9E642D64209B00D3C538 /* TrainingView.swift */ = {isa = PBXFileReference; lastKnownFileType = sourcecode.swift; path = TrainingView.swift; sourceTree = "<group>"; };
		891A9E682D6420AE00D3C538 /* ProgramDetailView.swift */ = {isa = PBXFileReference; lastKnownFileType = sourcecode.swift; path = ProgramDetailView.swift; sourceTree = "<group>"; };
		891A9E6A2D6420B800D3C538 /* CalendarView.swift */ = {isa = PBXFileReference; lastKnownFileType = sourcecode.swift; path = CalendarView.swift; sourceTree = "<group>"; };
		891A9E6E2D6420D000D3C538 /* WorkoutDetailView.swift */ = {isa = PBXFileReference; lastKnownFileType = sourcecode.swift; path = WorkoutDetailView.swift; sourceTree = "<group>"; };
		891A9E702D64211500D3C538 /* StartProgramView.swift */ = {isa = PBXFileReference; lastKnownFileType = sourcecode.swift; path = StartProgramView.swift; sourceTree = "<group>"; };
		891A9E722D64213400D3C538 /* ExerciseDetailView.swift */ = {isa = PBXFileReference; lastKnownFileType = sourcecode.swift; path = ExerciseDetailView.swift; sourceTree = "<group>"; };
		891A9E742D64214B00D3C538 /* SettingsView.swift */ = {isa = PBXFileReference; lastKnownFileType = sourcecode.swift; path = SettingsView.swift; sourceTree = "<group>"; };
		893C913A2D6AEDAF00528A6E /* HybridAI.entitlements */ = {isa = PBXFileReference; lastKnownFileType = text.plist.entitlements; path = HybridAI.entitlements; sourceTree = "<group>"; };
		893C913B2D6BFB5800528A6E /* AuthService.swift */ = {isa = PBXFileReference; lastKnownFileType = sourcecode.swift; path = AuthService.swift; sourceTree = "<group>"; };
		8941E3642D7A7648009FF924 /* CurrentWeeklyMiles.swift */ = {isa = PBXFileReference; lastKnownFileType = sourcecode.swift; path = CurrentWeeklyMiles.swift; sourceTree = "<group>"; };
		8962A8692D765E0B00E86C7D /* ProgramService.swift */ = {isa = PBXFileReference; lastKnownFileType = sourcecode.swift; path = ProgramService.swift; sourceTree = "<group>"; };
		8962A86C2D765E9300E86C7D /* TrainingViewModel.swift */ = {isa = PBXFileReference; lastKnownFileType = sourcecode.swift; path = TrainingViewModel.swift; sourceTree = "<group>"; };
		8962A86F2D76613A00E86C7D /* ProgramDetailViewModel.swift */ = {isa = PBXFileReference; lastKnownFileType = sourcecode.swift; path = ProgramDetailViewModel.swift; sourceTree = "<group>"; };
		8962A8712D7661E500E86C7D /* ErrorView.swift */ = {isa = PBXFileReference; lastKnownFileType = sourcecode.swift; path = ErrorView.swift; sourceTree = "<group>"; };
		8962A8732D7665CC00E86C7D /* StartProgramViewModel.swift */ = {isa = PBXFileReference; lastKnownFileType = sourcecode.swift; path = StartProgramViewModel.swift; sourceTree = "<group>"; };
		8962A8752D76691200E86C7D /* DayView.swift */ = {isa = PBXFileReference; lastKnownFileType = sourcecode.swift; path = DayView.swift; sourceTree = "<group>"; };
		8962A8772D76692C00E86C7D /* DayViewModel.swift */ = {isa = PBXFileReference; lastKnownFileType = sourcecode.swift; path = DayViewModel.swift; sourceTree = "<group>"; };
		8962A87A2D76699B00E86C7D /* WorkoutCell.swift */ = {isa = PBXFileReference; lastKnownFileType = sourcecode.swift; path = WorkoutCell.swift; sourceTree = "<group>"; };
		8962A87C2D776A7D00E86C7D /* CreateProgram.swift */ = {isa = PBXFileReference; lastKnownFileType = sourcecode.swift; path = CreateProgram.swift; sourceTree = "<group>"; };
		8962A8802D776FE800E86C7D /* WeekCell.swift */ = {isa = PBXFileReference; lastKnownFileType = sourcecode.swift; path = WeekCell.swift; sourceTree = "<group>"; };
		8962A8822D77719C00E86C7D /* DayCell.swift */ = {isa = PBXFileReference; lastKnownFileType = sourcecode.swift; path = DayCell.swift; sourceTree = "<group>"; };
		8962A8852D778BA300E86C7D /* ExerciseCell.swift */ = {isa = PBXFileReference; lastKnownFileType = sourcecode.swift; path = ExerciseCell.swift; sourceTree = "<group>"; };
		8962A8872D77936700E86C7D /* Mileage.swift */ = {isa = PBXFileReference; lastKnownFileType = sourcecode.swift; path = Mileage.swift; sourceTree = "<group>"; };
		8962A8892D78A1FA00E86C7D /* RunningWorkouts.swift */ = {isa = PBXFileReference; lastKnownFileType = sourcecode.swift; path = RunningWorkouts.swift; sourceTree = "<group>"; };
		8962A88B2D78A21B00E86C7D /* Lifts.swift */ = {isa = PBXFileReference; lastKnownFileType = sourcecode.swift; path = Lifts.swift; sourceTree = "<group>"; };
		896B47202D6643A100A8F3D9 /* LandingPageView.swift */ = {isa = PBXFileReference; lastKnownFileType = sourcecode.swift; path = LandingPageView.swift; sourceTree = "<group>"; };
		896B47222D6643AC00A8F3D9 /* SignInView.swift */ = {isa = PBXFileReference; lastKnownFileType = sourcecode.swift; path = SignInView.swift; sourceTree = "<group>"; };
		896B47242D664BFA00A8F3D9 /* CoordinatorLink.swift */ = {isa = PBXFileReference; lastKnownFileType = sourcecode.swift; path = CoordinatorLink.swift; sourceTree = "<group>"; };
		896B47262D664EFC00A8F3D9 /* LoggedInView.swift */ = {isa = PBXFileReference; lastKnownFileType = sourcecode.swift; path = LoggedInView.swift; sourceTree = "<group>"; };
		896B472B2D66507400A8F3D9 /* SelectListRow.swift */ = {isa = PBXFileReference; lastKnownFileType = sourcecode.swift; path = SelectListRow.swift; sourceTree = "<group>"; };
		896B472D2D66526900A8F3D9 /* StyledButton.swift */ = {isa = PBXFileReference; lastKnownFileType = sourcecode.swift; path = StyledButton.swift; sourceTree = "<group>"; };
		898999A62D681D7F00197218 /* SelectPriceRow.swift */ = {isa = PBXFileReference; lastKnownFileType = sourcecode.swift; path = SelectPriceRow.swift; sourceTree = "<group>"; };
		898999A82D68213700197218 /* BulletPoint.swift */ = {isa = PBXFileReference; lastKnownFileType = sourcecode.swift; path = BulletPoint.swift; sourceTree = "<group>"; };
		89B04D5D2D657DA90093CE6E /* Program.swift */ = {isa = PBXFileReference; lastKnownFileType = sourcecode.swift; path = Program.swift; sourceTree = "<group>"; };
		89B574162D70FA0F00B31183 /* RevenueCatService.swift */ = {isa = PBXFileReference; lastKnownFileType = sourcecode.swift; path = RevenueCatService.swift; sourceTree = "<group>"; };
		89B78EC82D666CC5004D0857 /* OnboardingViewModel.swift */ = {isa = PBXFileReference; lastKnownFileType = sourcecode.swift; path = OnboardingViewModel.swift; sourceTree = "<group>"; };
		89CAAEE62D67B4CA006F516B /* RaceGoalTimeView.swift */ = {isa = PBXFileReference; lastKnownFileType = sourcecode.swift; path = RaceGoalTimeView.swift; sourceTree = "<group>"; };
		89CAAEE82D67B4E1006F516B /* PriorityView.swift */ = {isa = PBXFileReference; lastKnownFileType = sourcecode.swift; path = PriorityView.swift; sourceTree = "<group>"; };
		89CAAEEA2D67B53E006F516B /* WeeklyRunsView.swift */ = {isa = PBXFileReference; lastKnownFileType = sourcecode.swift; path = WeeklyRunsView.swift; sourceTree = "<group>"; };
		89CAAEEC2D67B548006F516B /* WeeklyLiftsView.swift */ = {isa = PBXFileReference; lastKnownFileType = sourcecode.swift; path = WeeklyLiftsView.swift; sourceTree = "<group>"; };
		89CAAEEE2D67B570006F516B /* PaywallView.swift */ = {isa = PBXFileReference; lastKnownFileType = sourcecode.swift; path = PaywallView.swift; sourceTree = "<group>"; };
		89F1B8772D7013590025BAE6 /* StoreKit.framework */ = {isa = PBXFileReference; lastKnownFileType = wrapper.framework; name = StoreKit.framework; path = System/Library/Frameworks/StoreKit.framework; sourceTree = SDKROOT; };
		89F1B87B2D7014220025BAE6 /* Subscriptions.storekit */ = {isa = PBXFileReference; lastKnownFileType = text; path = Subscriptions.storekit; sourceTree = "<group>"; };
/* End PBXFileReference section */

/* Begin PBXFileSystemSynchronizedRootGroup section */
		891A9E002D63CF1D00D3C538 /* HybridAITests */ = {
			isa = PBXFileSystemSynchronizedRootGroup;
			path = HybridAITests;
			sourceTree = "<group>";
		};
		891A9E0A2D63CF1D00D3C538 /* HybridAIUITests */ = {
			isa = PBXFileSystemSynchronizedRootGroup;
			path = HybridAIUITests;
			sourceTree = "<group>";
		};
/* End PBXFileSystemSynchronizedRootGroup section */

/* Begin PBXFrameworksBuildPhase section */
		891A9DEA2D63CF1C00D3C538 /* Frameworks */ = {
			isa = PBXFrameworksBuildPhase;
			buildActionMask = 2147483647;
			files = (
				891A9E3B2D63D9F900D3C538 /* PostgREST in Frameworks */,
				89F1B8782D7013590025BAE6 /* StoreKit.framework in Frameworks */,
				891A9E392D63D9F900D3C538 /* Functions in Frameworks */,
				891A9E412D63D9F900D3C538 /* Supabase in Frameworks */,
				891A9E372D63D9F900D3C538 /* Auth in Frameworks */,
				89B574112D70E49400B31183 /* RevenueCat in Frameworks */,
				891A9E3F2D63D9F900D3C538 /* Storage in Frameworks */,
				89B5740F2D70E49400B31183 /* ReceiptParser in Frameworks */,
				89B574132D70E49400B31183 /* RevenueCatUI in Frameworks */,
				891A9E3D2D63D9F900D3C538 /* Realtime in Frameworks */,
			);
			runOnlyForDeploymentPostprocessing = 0;
		};
		891A9DFA2D63CF1D00D3C538 /* Frameworks */ = {
			isa = PBXFrameworksBuildPhase;
			buildActionMask = 2147483647;
			files = (
			);
			runOnlyForDeploymentPostprocessing = 0;
		};
		891A9E042D63CF1D00D3C538 /* Frameworks */ = {
			isa = PBXFrameworksBuildPhase;
			buildActionMask = 2147483647;
			files = (
			);
			runOnlyForDeploymentPostprocessing = 0;
		};
/* End PBXFrameworksBuildPhase section */

/* Begin PBXGroup section */
		891A9DE42D63CF1C00D3C538 = {
			isa = PBXGroup;
			children = (
				891A9E1F2D63D6A300D3C538 /* HybridAI */,
				891A9E002D63CF1D00D3C538 /* HybridAITests */,
				891A9E0A2D63CF1D00D3C538 /* HybridAIUITests */,
				891A9E352D63D9F900D3C538 /* Frameworks */,
				891A9DEE2D63CF1C00D3C538 /* Products */,
			);
			sourceTree = "<group>";
		};
		891A9DEE2D63CF1C00D3C538 /* Products */ = {
			isa = PBXGroup;
			children = (
				891A9DED2D63CF1C00D3C538 /* HybridAI.app */,
				891A9DFD2D63CF1D00D3C538 /* HybridAITests.xctest */,
				891A9E072D63CF1D00D3C538 /* HybridAIUITests.xctest */,
			);
			name = Products;
			sourceTree = "<group>";
		};
		891A9E1B2D63D6A300D3C538 /* Preview Content */ = {
			isa = PBXGroup;
			children = (
				891A9E1A2D63D6A300D3C538 /* Preview Assets.xcassets */,
			);
			path = "Preview Content";
			sourceTree = "<group>";
		};
		891A9E1F2D63D6A300D3C538 /* HybridAI */ = {
			isa = PBXGroup;
			children = (
				891A9E242D63D7DA00D3C538 /* Views */,
				891A9E302D63D99700D3C538 /* Viewmodels */,
				891A9E312D63D99F00D3C538 /* Models */,
				891A9E322D63D9A700D3C538 /* Services */,
				891A9E4C2D6419F000D3C538 /* Navigation */,
				8962A8842D778B9000E86C7D /* Cells */,
				891A9E262D63D82700D3C538 /* Components */,
				891A9E292D63D84F00D3C538 /* Supporting */,
				891A9E1B2D63D6A300D3C538 /* Preview Content */,
				89F1B87B2D7014220025BAE6 /* Subscriptions.storekit */,
				893C913A2D6AEDAF00528A6E /* HybridAI.entitlements */,
				891A9E1C2D63D6A300D3C538 /* Assets.xcassets */,
			);
			path = HybridAI;
			sourceTree = "<group>";
		};
		891A9E242D63D7DA00D3C538 /* Views */ = {
			isa = PBXGroup;
			children = (
				891A9E542D641FA800D3C538 /* Training */,
				891A9E552D641FAE00D3C538 /* Programs */,
				891A9E2C2D63D8E700D3C538 /* Onboarding */,
				891A9E252D63D7F000D3C538 /* Setup */,
			);
			path = Views;
			sourceTree = "<group>";
		};
		891A9E252D63D7F000D3C538 /* Setup */ = {
			isa = PBXGroup;
			children = (
				891A9E1E2D63D6A300D3C538 /* HybridAIApp.swift */,
				896B47262D664EFC00A8F3D9 /* LoggedInView.swift */,
				891A9E742D64214B00D3C538 /* SettingsView.swift */,
			);
			path = Setup;
			sourceTree = "<group>";
		};
		891A9E262D63D82700D3C538 /* Components */ = {
			isa = PBXGroup;
			children = (
				891A9E272D63D83E00D3C538 /* LoadingView.swift */,
				896B47242D664BFA00A8F3D9 /* CoordinatorLink.swift */,
				896B472D2D66526900A8F3D9 /* StyledButton.swift */,
				896B472B2D66507400A8F3D9 /* SelectListRow.swift */,
				898999A62D681D7F00197218 /* SelectPriceRow.swift */,
				898999A82D68213700197218 /* BulletPoint.swift */,
				8962A8712D7661E500E86C7D /* ErrorView.swift */,
			);
			path = Components;
			sourceTree = "<group>";
		};
		891A9E292D63D84F00D3C538 /* Supporting */ = {
			isa = PBXGroup;
			children = (
				891A9E2A2D63D86200D3C538 /* Design.swift */,
			);
			path = Supporting;
			sourceTree = "<group>";
		};
		891A9E2C2D63D8E700D3C538 /* Onboarding */ = {
			isa = PBXGroup;
			children = (
				896B47202D6643A100A8F3D9 /* LandingPageView.swift */,
				891A9E582D64205200D3C538 /* ExperienceView.swift */,
				891A9E2D2D63D8F000D3C538 /* GoalView.swift */,
				89CAAEE82D67B4E1006F516B /* PriorityView.swift */,
				89CAAEE62D67B4CA006F516B /* RaceGoalTimeView.swift */,
				89CAAEEA2D67B53E006F516B /* WeeklyRunsView.swift */,
				89CAAEEC2D67B548006F516B /* WeeklyLiftsView.swift */,
				8941E3642D7A7648009FF924 /* CurrentWeeklyMiles.swift */,
				891A9E5A2D64205D00D3C538 /* EquipmentView.swift */,
				891A9E5C2D64206A00D3C538 /* ConfiguringView.swift */,
				89CAAEEE2D67B570006F516B /* PaywallView.swift */,
				89CAAEDF2D678EA4006F516B /* Auth */,
			);
			path = Onboarding;
			sourceTree = "<group>";
		};
		891A9E302D63D99700D3C538 /* Viewmodels */ = {
			isa = PBXGroup;
			children = (
				8962A86B2D765E8E00E86C7D /* Training */,
				8962A86E2D76613300E86C7D /* Programs */,
				89B78EC72D666CBF004D0857 /* Onboarding */,
			);
			path = Viewmodels;
			sourceTree = "<group>";
		};
		891A9E312D63D99F00D3C538 /* Models */ = {
			isa = PBXGroup;
			children = (
				89B04D5D2D657DA90093CE6E /* Program.swift */,
				891A9E422D63DA4D00D3C538 /* User.swift */,
			);
			path = Models;
			sourceTree = "<group>";
		};
		891A9E322D63D9A700D3C538 /* Services */ = {
			isa = PBXGroup;
			children = (
				8962A8692D765E0B00E86C7D /* ProgramService.swift */,
				893C913B2D6BFB5800528A6E /* AuthService.swift */,
				891A9E442D63DB2700D3C538 /* UserService.swift */,
				891A9E332D63D9C000D3C538 /* SupabaseService.swift */,
				89B574162D70FA0F00B31183 /* RevenueCatService.swift */,
			);
			path = Services;
			sourceTree = "<group>";
		};
		891A9E352D63D9F900D3C538 /* Frameworks */ = {
			isa = PBXGroup;
			children = (
				89F1B8772D7013590025BAE6 /* StoreKit.framework */,
			);
			name = Frameworks;
			sourceTree = "<group>";
		};
		891A9E4C2D6419F000D3C538 /* Navigation */ = {
			isa = PBXGroup;
			children = (
				891A9E522D641A1200D3C538 /* NavigationTypes.swift */,
				891A9E4D2D6419FB00D3C538 /* Navigation.swift */,
				891A9E4F2D641A0000D3C538 /* NavigationViews.swift */,
			);
			path = Navigation;
			sourceTree = "<group>";
		};
		891A9E542D641FA800D3C538 /* Training */ = {
			isa = PBXGroup;
			children = (
				891A9E642D64209B00D3C538 /* TrainingView.swift */,
			);
			path = Training;
			sourceTree = "<group>";
		};
		891A9E552D641FAE00D3C538 /* Programs */ = {
			isa = PBXGroup;
			children = (
				891A9E682D6420AE00D3C538 /* ProgramDetailView.swift */,
				891A9E6A2D6420B800D3C538 /* CalendarView.swift */,
				8962A8752D76691200E86C7D /* DayView.swift */,
				891A9E6E2D6420D000D3C538 /* WorkoutDetailView.swift */,
				891A9E722D64213400D3C538 /* ExerciseDetailView.swift */,
				891A9E702D64211500D3C538 /* StartProgramView.swift */,
			);
			path = Programs;
			sourceTree = "<group>";
		};
		8962A86B2D765E8E00E86C7D /* Training */ = {
			isa = PBXGroup;
			children = (
				8962A86C2D765E9300E86C7D /* TrainingViewModel.swift */,
			);
			path = Training;
			sourceTree = "<group>";
		};
		8962A86E2D76613300E86C7D /* Programs */ = {
			isa = PBXGroup;
			children = (
				8962A8772D76692C00E86C7D /* DayViewModel.swift */,
				8962A86F2D76613A00E86C7D /* ProgramDetailViewModel.swift */,
				8962A8732D7665CC00E86C7D /* StartProgramViewModel.swift */,
			);
			path = Programs;
			sourceTree = "<group>";
		};
		8962A8842D778B9000E86C7D /* Cells */ = {
			isa = PBXGroup;
			children = (
				8962A8802D776FE800E86C7D /* WeekCell.swift */,
				8962A8822D77719C00E86C7D /* DayCell.swift */,
				8962A87A2D76699B00E86C7D /* WorkoutCell.swift */,
				8962A8852D778BA300E86C7D /* ExerciseCell.swift */,
			);
			path = Cells;
			sourceTree = "<group>";
		};
		89B78EC72D666CBF004D0857 /* Onboarding */ = {
			isa = PBXGroup;
			children = (
				89B78EC82D666CC5004D0857 /* OnboardingViewModel.swift */,
				8962A87C2D776A7D00E86C7D /* CreateProgram.swift */,
				8962A8872D77936700E86C7D /* Mileage.swift */,
				8962A8892D78A1FA00E86C7D /* RunningWorkouts.swift */,
				8962A88B2D78A21B00E86C7D /* Lifts.swift */,
			);
			path = Onboarding;
			sourceTree = "<group>";
		};
		89CAAEDF2D678EA4006F516B /* Auth */ = {
			isa = PBXGroup;
			children = (
				891A9E602D64208000D3C538 /* CreateAccountView.swift */,
				896B47222D6643AC00A8F3D9 /* SignInView.swift */,
				891A9E622D64208C00D3C538 /* OneTimeCodeView.swift */,
			);
			path = Auth;
			sourceTree = "<group>";
		};
/* End PBXGroup section */

/* Begin PBXNativeTarget section */
		891A9DEC2D63CF1C00D3C538 /* HybridAI */ = {
			isa = PBXNativeTarget;
			buildConfigurationList = 891A9E112D63CF1D00D3C538 /* Build configuration list for PBXNativeTarget "HybridAI" */;
			buildPhases = (
				891A9DE92D63CF1C00D3C538 /* Sources */,
				891A9DEA2D63CF1C00D3C538 /* Frameworks */,
				891A9DEB2D63CF1C00D3C538 /* Resources */,
			);
			buildRules = (
			);
			dependencies = (
			);
			name = HybridAI;
			packageProductDependencies = (
				891A9E362D63D9F900D3C538 /* Auth */,
				891A9E382D63D9F900D3C538 /* Functions */,
				891A9E3A2D63D9F900D3C538 /* PostgREST */,
				891A9E3C2D63D9F900D3C538 /* Realtime */,
				891A9E3E2D63D9F900D3C538 /* Storage */,
				891A9E402D63D9F900D3C538 /* Supabase */,
				89B5740E2D70E49400B31183 /* ReceiptParser */,
				89B574102D70E49400B31183 /* RevenueCat */,
				89B574122D70E49400B31183 /* RevenueCatUI */,
			);
			productName = HybridAI;
			productReference = 891A9DED2D63CF1C00D3C538 /* HybridAI.app */;
			productType = "com.apple.product-type.application";
		};
		891A9DFC2D63CF1D00D3C538 /* HybridAITests */ = {
			isa = PBXNativeTarget;
			buildConfigurationList = 891A9E142D63CF1D00D3C538 /* Build configuration list for PBXNativeTarget "HybridAITests" */;
			buildPhases = (
				891A9DF92D63CF1D00D3C538 /* Sources */,
				891A9DFA2D63CF1D00D3C538 /* Frameworks */,
				891A9DFB2D63CF1D00D3C538 /* Resources */,
			);
			buildRules = (
			);
			dependencies = (
				891A9DFF2D63CF1D00D3C538 /* PBXTargetDependency */,
			);
			fileSystemSynchronizedGroups = (
				891A9E002D63CF1D00D3C538 /* HybridAITests */,
			);
			name = HybridAITests;
			packageProductDependencies = (
			);
			productName = HybridAITests;
			productReference = 891A9DFD2D63CF1D00D3C538 /* HybridAITests.xctest */;
			productType = "com.apple.product-type.bundle.unit-test";
		};
		891A9E062D63CF1D00D3C538 /* HybridAIUITests */ = {
			isa = PBXNativeTarget;
			buildConfigurationList = 891A9E172D63CF1D00D3C538 /* Build configuration list for PBXNativeTarget "HybridAIUITests" */;
			buildPhases = (
				891A9E032D63CF1D00D3C538 /* Sources */,
				891A9E042D63CF1D00D3C538 /* Frameworks */,
				891A9E052D63CF1D00D3C538 /* Resources */,
			);
			buildRules = (
			);
			dependencies = (
				891A9E092D63CF1D00D3C538 /* PBXTargetDependency */,
			);
			fileSystemSynchronizedGroups = (
				891A9E0A2D63CF1D00D3C538 /* HybridAIUITests */,
			);
			name = HybridAIUITests;
			packageProductDependencies = (
			);
			productName = HybridAIUITests;
			productReference = 891A9E072D63CF1D00D3C538 /* HybridAIUITests.xctest */;
			productType = "com.apple.product-type.bundle.ui-testing";
		};
/* End PBXNativeTarget section */

/* Begin PBXProject section */
		891A9DE52D63CF1C00D3C538 /* Project object */ = {
			isa = PBXProject;
			attributes = {
				BuildIndependentTargetsInParallel = 1;
				LastSwiftUpdateCheck = 1620;
				LastUpgradeCheck = 1620;
				TargetAttributes = {
					891A9DEC2D63CF1C00D3C538 = {
						CreatedOnToolsVersion = 16.2;
					};
					891A9DFC2D63CF1D00D3C538 = {
						CreatedOnToolsVersion = 16.2;
						TestTargetID = 891A9DEC2D63CF1C00D3C538;
					};
					891A9E062D63CF1D00D3C538 = {
						CreatedOnToolsVersion = 16.2;
						TestTargetID = 891A9DEC2D63CF1C00D3C538;
					};
				};
			};
			buildConfigurationList = 891A9DE82D63CF1C00D3C538 /* Build configuration list for PBXProject "HybridAI" */;
			developmentRegion = en;
			hasScannedForEncodings = 0;
			knownRegions = (
				en,
				Base,
			);
			mainGroup = 891A9DE42D63CF1C00D3C538;
			minimizedProjectReferenceProxies = 1;
			packageReferences = (
				891A9E2F2D63D93A00D3C538 /* XCRemoteSwiftPackageReference "supabase-swift" */,
				89B5740D2D70E49400B31183 /* XCRemoteSwiftPackageReference "purchases-ios-spm" */,
			);
			preferredProjectObjectVersion = 77;
			productRefGroup = 891A9DEE2D63CF1C00D3C538 /* Products */;
			projectDirPath = "";
			projectRoot = "";
			targets = (
				891A9DEC2D63CF1C00D3C538 /* HybridAI */,
				891A9DFC2D63CF1D00D3C538 /* HybridAITests */,
				891A9E062D63CF1D00D3C538 /* HybridAIUITests */,
			);
		};
/* End PBXProject section */

/* Begin PBXResourcesBuildPhase section */
		891A9DEB2D63CF1C00D3C538 /* Resources */ = {
			isa = PBXResourcesBuildPhase;
			buildActionMask = 2147483647;
			files = (
				891A9E222D63D6A300D3C538 /* Preview Assets.xcassets in Resources */,
				891A9E232D63D6A300D3C538 /* Assets.xcassets in Resources */,
				89F1B87C2D7014220025BAE6 /* Subscriptions.storekit in Resources */,
			);
			runOnlyForDeploymentPostprocessing = 0;
		};
		891A9DFB2D63CF1D00D3C538 /* Resources */ = {
			isa = PBXResourcesBuildPhase;
			buildActionMask = 2147483647;
			files = (
			);
			runOnlyForDeploymentPostprocessing = 0;
		};
		891A9E052D63CF1D00D3C538 /* Resources */ = {
			isa = PBXResourcesBuildPhase;
			buildActionMask = 2147483647;
			files = (
			);
			runOnlyForDeploymentPostprocessing = 0;
		};
/* End PBXResourcesBuildPhase section */

/* Begin PBXSourcesBuildPhase section */
		891A9DE92D63CF1C00D3C538 /* Sources */ = {
			isa = PBXSourcesBuildPhase;
			buildActionMask = 2147483647;
			files = (
				891A9E502D641A0300D3C538 /* NavigationViews.swift in Sources */,
				896B47212D6643A100A8F3D9 /* LandingPageView.swift in Sources */,
				891A9E342D63D9C400D3C538 /* SupabaseService.swift in Sources */,
				8962A8782D76692E00E86C7D /* DayViewModel.swift in Sources */,
				8962A8762D76691200E86C7D /* DayView.swift in Sources */,
				891A9E732D64213400D3C538 /* ExerciseDetailView.swift in Sources */,
				89CAAEE72D67B4CA006F516B /* RaceGoalTimeView.swift in Sources */,
				896B472C2D66507400A8F3D9 /* SelectListRow.swift in Sources */,
				893C913C2D6BFB5D00528A6E /* AuthService.swift in Sources */,
				89CAAEE92D67B4E1006F516B /* PriorityView.swift in Sources */,
				8962A86D2D765E9600E86C7D /* TrainingViewModel.swift in Sources */,
				89B04D5E2D657DAA0093CE6E /* Program.swift in Sources */,
				891A9E2B2D63D86300D3C538 /* Design.swift in Sources */,
				8962A87D2D776A7F00E86C7D /* CreateProgram.swift in Sources */,
				891A9E532D641A1500D3C538 /* NavigationTypes.swift in Sources */,
				89CAAEED2D67B548006F516B /* WeeklyLiftsView.swift in Sources */,
				89B574172D70FA1400B31183 /* RevenueCatService.swift in Sources */,
				89CAAEEF2D67B570006F516B /* PaywallView.swift in Sources */,
				898999A92D68213700197218 /* BulletPoint.swift in Sources */,
				891A9E6B2D6420B800D3C538 /* CalendarView.swift in Sources */,
				8962A8742D7665D000E86C7D /* StartProgramViewModel.swift in Sources */,
				891A9E5B2D64205D00D3C538 /* EquipmentView.swift in Sources */,
				898999A72D681D7F00197218 /* SelectPriceRow.swift in Sources */,
				891A9E652D64209B00D3C538 /* TrainingView.swift in Sources */,
				8962A8832D77719C00E86C7D /* DayCell.swift in Sources */,
				896B47252D664BFA00A8F3D9 /* CoordinatorLink.swift in Sources */,
				891A9E2E2D63D8F000D3C538 /* GoalView.swift in Sources */,
				891A9E632D64208C00D3C538 /* OneTimeCodeView.swift in Sources */,
				891A9E5D2D64206A00D3C538 /* ConfiguringView.swift in Sources */,
				891A9E452D63DB2A00D3C538 /* UserService.swift in Sources */,
				891A9E212D63D6A300D3C538 /* HybridAIApp.swift in Sources */,
				89B78EC92D666CC9004D0857 /* OnboardingViewModel.swift in Sources */,
				891A9E4E2D6419FD00D3C538 /* Navigation.swift in Sources */,
				896B47272D664EFC00A8F3D9 /* LoggedInView.swift in Sources */,
				8962A86A2D765E0E00E86C7D /* ProgramService.swift in Sources */,
				8962A8862D778BA300E86C7D /* ExerciseCell.swift in Sources */,
				891A9E612D64208000D3C538 /* CreateAccountView.swift in Sources */,
				891A9E6F2D6420D000D3C538 /* WorkoutDetailView.swift in Sources */,
				8962A8812D776FE800E86C7D /* WeekCell.swift in Sources */,
				891A9E752D64214B00D3C538 /* SettingsView.swift in Sources */,
				8962A88C2D78A21D00E86C7D /* Lifts.swift in Sources */,
				8962A8882D77936F00E86C7D /* Mileage.swift in Sources */,
				896B47232D6643AC00A8F3D9 /* SignInView.swift in Sources */,
				891A9E712D64211500D3C538 /* StartProgramView.swift in Sources */,
				8962A87B2D76699B00E86C7D /* WorkoutCell.swift in Sources */,
				89CAAEEB2D67B53E006F516B /* WeeklyRunsView.swift in Sources */,
				891A9E692D6420AE00D3C538 /* ProgramDetailView.swift in Sources */,
				8941E3652D7A7648009FF924 /* CurrentWeeklyMiles.swift in Sources */,
				891A9E282D63D83E00D3C538 /* LoadingView.swift in Sources */,
				891A9E432D63DA4E00D3C538 /* User.swift in Sources */,
				896B472E2D66526900A8F3D9 /* StyledButton.swift in Sources */,
				891A9E592D64205200D3C538 /* ExperienceView.swift in Sources */,
				8962A88A2D78A21400E86C7D /* RunningWorkouts.swift in Sources */,
				8962A8702D76613E00E86C7D /* ProgramDetailViewModel.swift in Sources */,
				8962A8722D7661E500E86C7D /* ErrorView.swift in Sources */,
			);
			runOnlyForDeploymentPostprocessing = 0;
		};
		891A9DF92D63CF1D00D3C538 /* Sources */ = {
			isa = PBXSourcesBuildPhase;
			buildActionMask = 2147483647;
			files = (
			);
			runOnlyForDeploymentPostprocessing = 0;
		};
		891A9E032D63CF1D00D3C538 /* Sources */ = {
			isa = PBXSourcesBuildPhase;
			buildActionMask = 2147483647;
			files = (
			);
			runOnlyForDeploymentPostprocessing = 0;
		};
/* End PBXSourcesBuildPhase section */

/* Begin PBXTargetDependency section */
		891A9DFF2D63CF1D00D3C538 /* PBXTargetDependency */ = {
			isa = PBXTargetDependency;
			target = 891A9DEC2D63CF1C00D3C538 /* HybridAI */;
			targetProxy = 891A9DFE2D63CF1D00D3C538 /* PBXContainerItemProxy */;
		};
		891A9E092D63CF1D00D3C538 /* PBXTargetDependency */ = {
			isa = PBXTargetDependency;
			target = 891A9DEC2D63CF1C00D3C538 /* HybridAI */;
			targetProxy = 891A9E082D63CF1D00D3C538 /* PBXContainerItemProxy */;
		};
/* End PBXTargetDependency section */

/* Begin XCBuildConfiguration section */
		891A9E0F2D63CF1D00D3C538 /* Debug */ = {
			isa = XCBuildConfiguration;
			buildSettings = {
				ALWAYS_SEARCH_USER_PATHS = NO;
				ASSETCATALOG_COMPILER_GENERATE_SWIFT_ASSET_SYMBOL_EXTENSIONS = YES;
				CLANG_ANALYZER_NONNULL = YES;
				CLANG_ANALYZER_NUMBER_OBJECT_CONVERSION = YES_AGGRESSIVE;
				CLANG_CXX_LANGUAGE_STANDARD = "gnu++20";
				CLANG_ENABLE_MODULES = YES;
				CLANG_ENABLE_OBJC_ARC = YES;
				CLANG_ENABLE_OBJC_WEAK = YES;
				CLANG_WARN_BLOCK_CAPTURE_AUTORELEASING = YES;
				CLANG_WARN_BOOL_CONVERSION = YES;
				CLANG_WARN_COMMA = YES;
				CLANG_WARN_CONSTANT_CONVERSION = YES;
				CLANG_WARN_DEPRECATED_OBJC_IMPLEMENTATIONS = YES;
				CLANG_WARN_DIRECT_OBJC_ISA_USAGE = YES_ERROR;
				CLANG_WARN_DOCUMENTATION_COMMENTS = YES;
				CLANG_WARN_EMPTY_BODY = YES;
				CLANG_WARN_ENUM_CONVERSION = YES;
				CLANG_WARN_INFINITE_RECURSION = YES;
				CLANG_WARN_INT_CONVERSION = YES;
				CLANG_WARN_NON_LITERAL_NULL_CONVERSION = YES;
				CLANG_WARN_OBJC_IMPLICIT_RETAIN_SELF = YES;
				CLANG_WARN_OBJC_LITERAL_CONVERSION = YES;
				CLANG_WARN_OBJC_ROOT_CLASS = YES_ERROR;
				CLANG_WARN_QUOTED_INCLUDE_IN_FRAMEWORK_HEADER = YES;
				CLANG_WARN_RANGE_LOOP_ANALYSIS = YES;
				CLANG_WARN_STRICT_PROTOTYPES = YES;
				CLANG_WARN_SUSPICIOUS_MOVE = YES;
				CLANG_WARN_UNGUARDED_AVAILABILITY = YES_AGGRESSIVE;
				CLANG_WARN_UNREACHABLE_CODE = YES;
				CLANG_WARN__DUPLICATE_METHOD_MATCH = YES;
				COPY_PHASE_STRIP = NO;
				DEBUG_INFORMATION_FORMAT = dwarf;
				ENABLE_STRICT_OBJC_MSGSEND = YES;
				ENABLE_TESTABILITY = YES;
				ENABLE_USER_SCRIPT_SANDBOXING = YES;
				GCC_C_LANGUAGE_STANDARD = gnu17;
				GCC_DYNAMIC_NO_PIC = NO;
				GCC_NO_COMMON_BLOCKS = YES;
				GCC_OPTIMIZATION_LEVEL = 0;
				GCC_PREPROCESSOR_DEFINITIONS = (
					"DEBUG=1",
					"$(inherited)",
				);
				GCC_WARN_64_TO_32_BIT_CONVERSION = YES;
				GCC_WARN_ABOUT_RETURN_TYPE = YES_ERROR;
				GCC_WARN_UNDECLARED_SELECTOR = YES;
				GCC_WARN_UNINITIALIZED_AUTOS = YES_AGGRESSIVE;
				GCC_WARN_UNUSED_FUNCTION = YES;
				GCC_WARN_UNUSED_VARIABLE = YES;
				IPHONEOS_DEPLOYMENT_TARGET = 18.2;
				LOCALIZATION_PREFERS_STRING_CATALOGS = YES;
				MTL_ENABLE_DEBUG_INFO = INCLUDE_SOURCE;
				MTL_FAST_MATH = YES;
				ONLY_ACTIVE_ARCH = YES;
				SDKROOT = iphoneos;
				SWIFT_ACTIVE_COMPILATION_CONDITIONS = "DEBUG $(inherited)";
				SWIFT_OPTIMIZATION_LEVEL = "-Onone";
			};
			name = Debug;
		};
		891A9E102D63CF1D00D3C538 /* Release */ = {
			isa = XCBuildConfiguration;
			buildSettings = {
				ALWAYS_SEARCH_USER_PATHS = NO;
				ASSETCATALOG_COMPILER_GENERATE_SWIFT_ASSET_SYMBOL_EXTENSIONS = YES;
				CLANG_ANALYZER_NONNULL = YES;
				CLANG_ANALYZER_NUMBER_OBJECT_CONVERSION = YES_AGGRESSIVE;
				CLANG_CXX_LANGUAGE_STANDARD = "gnu++20";
				CLANG_ENABLE_MODULES = YES;
				CLANG_ENABLE_OBJC_ARC = YES;
				CLANG_ENABLE_OBJC_WEAK = YES;
				CLANG_WARN_BLOCK_CAPTURE_AUTORELEASING = YES;
				CLANG_WARN_BOOL_CONVERSION = YES;
				CLANG_WARN_COMMA = YES;
				CLANG_WARN_CONSTANT_CONVERSION = YES;
				CLANG_WARN_DEPRECATED_OBJC_IMPLEMENTATIONS = YES;
				CLANG_WARN_DIRECT_OBJC_ISA_USAGE = YES_ERROR;
				CLANG_WARN_DOCUMENTATION_COMMENTS = YES;
				CLANG_WARN_EMPTY_BODY = YES;
				CLANG_WARN_ENUM_CONVERSION = YES;
				CLANG_WARN_INFINITE_RECURSION = YES;
				CLANG_WARN_INT_CONVERSION = YES;
				CLANG_WARN_NON_LITERAL_NULL_CONVERSION = YES;
				CLANG_WARN_OBJC_IMPLICIT_RETAIN_SELF = YES;
				CLANG_WARN_OBJC_LITERAL_CONVERSION = YES;
				CLANG_WARN_OBJC_ROOT_CLASS = YES_ERROR;
				CLANG_WARN_QUOTED_INCLUDE_IN_FRAMEWORK_HEADER = YES;
				CLANG_WARN_RANGE_LOOP_ANALYSIS = YES;
				CLANG_WARN_STRICT_PROTOTYPES = YES;
				CLANG_WARN_SUSPICIOUS_MOVE = YES;
				CLANG_WARN_UNGUARDED_AVAILABILITY = YES_AGGRESSIVE;
				CLANG_WARN_UNREACHABLE_CODE = YES;
				CLANG_WARN__DUPLICATE_METHOD_MATCH = YES;
				COPY_PHASE_STRIP = NO;
				DEBUG_INFORMATION_FORMAT = "dwarf-with-dsym";
				ENABLE_NS_ASSERTIONS = NO;
				ENABLE_STRICT_OBJC_MSGSEND = YES;
				ENABLE_USER_SCRIPT_SANDBOXING = YES;
				GCC_C_LANGUAGE_STANDARD = gnu17;
				GCC_NO_COMMON_BLOCKS = YES;
				GCC_WARN_64_TO_32_BIT_CONVERSION = YES;
				GCC_WARN_ABOUT_RETURN_TYPE = YES_ERROR;
				GCC_WARN_UNDECLARED_SELECTOR = YES;
				GCC_WARN_UNINITIALIZED_AUTOS = YES_AGGRESSIVE;
				GCC_WARN_UNUSED_FUNCTION = YES;
				GCC_WARN_UNUSED_VARIABLE = YES;
				IPHONEOS_DEPLOYMENT_TARGET = 18.2;
				LOCALIZATION_PREFERS_STRING_CATALOGS = YES;
				MTL_ENABLE_DEBUG_INFO = NO;
				MTL_FAST_MATH = YES;
				SDKROOT = iphoneos;
				SWIFT_COMPILATION_MODE = wholemodule;
				VALIDATE_PRODUCT = YES;
			};
			name = Release;
		};
		891A9E122D63CF1D00D3C538 /* Debug */ = {
			isa = XCBuildConfiguration;
			buildSettings = {
				ASSETCATALOG_COMPILER_APPICON_NAME = AppIcon;
				ASSETCATALOG_COMPILER_GLOBAL_ACCENT_COLOR_NAME = AccentColor;
				CODE_SIGN_ENTITLEMENTS = HybridAI/HybridAI.entitlements;
				CODE_SIGN_STYLE = Automatic;
				CURRENT_PROJECT_VERSION = 1;
				DEVELOPMENT_ASSET_PATHS = "\"HybridAI/Preview Content\"";
				DEVELOPMENT_TEAM = T2V9U83CKZ;
				ENABLE_PREVIEWS = YES;
				GENERATE_INFOPLIST_FILE = YES;
				INFOPLIST_KEY_UIApplicationSceneManifest_Generation = YES;
				INFOPLIST_KEY_UIApplicationSupportsIndirectInputEvents = YES;
				INFOPLIST_KEY_UILaunchScreen_Generation = YES;
				INFOPLIST_KEY_UISupportedInterfaceOrientations_iPad = "UIInterfaceOrientationPortrait UIInterfaceOrientationPortraitUpsideDown UIInterfaceOrientationLandscapeLeft UIInterfaceOrientationLandscapeRight";
				INFOPLIST_KEY_UISupportedInterfaceOrientations_iPhone = "UIInterfaceOrientationPortrait UIInterfaceOrientationLandscapeLeft UIInterfaceOrientationLandscapeRight";
				INFOPLIST_KEY_UIUserInterfaceStyle = Dark;
				LD_RUNPATH_SEARCH_PATHS = (
					"$(inherited)",
					"@executable_path/Frameworks",
				);
				MARKETING_VERSION = 1.0;
				PRODUCT_BUNDLE_IDENTIFIER = "Michael-Bautista.HybridAI";
				PRODUCT_NAME = "$(TARGET_NAME)";
				SWIFT_EMIT_LOC_STRINGS = YES;
				SWIFT_VERSION = 5.0;
				TARGETED_DEVICE_FAMILY = "1,2";
			};
			name = Debug;
		};
		891A9E132D63CF1D00D3C538 /* Release */ = {
			isa = XCBuildConfiguration;
			buildSettings = {
				ASSETCATALOG_COMPILER_APPICON_NAME = AppIcon;
				ASSETCATALOG_COMPILER_GLOBAL_ACCENT_COLOR_NAME = AccentColor;
				CODE_SIGN_ENTITLEMENTS = HybridAI/HybridAI.entitlements;
				CODE_SIGN_STYLE = Automatic;
				CURRENT_PROJECT_VERSION = 1;
				DEVELOPMENT_ASSET_PATHS = "\"HybridAI/Preview Content\"";
				DEVELOPMENT_TEAM = T2V9U83CKZ;
				ENABLE_PREVIEWS = YES;
				GENERATE_INFOPLIST_FILE = YES;
				INFOPLIST_KEY_UIApplicationSceneManifest_Generation = YES;
				INFOPLIST_KEY_UIApplicationSupportsIndirectInputEvents = YES;
				INFOPLIST_KEY_UILaunchScreen_Generation = YES;
				INFOPLIST_KEY_UISupportedInterfaceOrientations_iPad = "UIInterfaceOrientationPortrait UIInterfaceOrientationPortraitUpsideDown UIInterfaceOrientationLandscapeLeft UIInterfaceOrientationLandscapeRight";
				INFOPLIST_KEY_UISupportedInterfaceOrientations_iPhone = "UIInterfaceOrientationPortrait UIInterfaceOrientationLandscapeLeft UIInterfaceOrientationLandscapeRight";
				INFOPLIST_KEY_UIUserInterfaceStyle = Dark;
				LD_RUNPATH_SEARCH_PATHS = (
					"$(inherited)",
					"@executable_path/Frameworks",
				);
				MARKETING_VERSION = 1.0;
				PRODUCT_BUNDLE_IDENTIFIER = "Michael-Bautista.HybridAI";
				PRODUCT_NAME = "$(TARGET_NAME)";
				SWIFT_EMIT_LOC_STRINGS = YES;
				SWIFT_VERSION = 5.0;
				TARGETED_DEVICE_FAMILY = "1,2";
			};
			name = Release;
		};
		891A9E152D63CF1D00D3C538 /* Debug */ = {
			isa = XCBuildConfiguration;
			buildSettings = {
				BUNDLE_LOADER = "$(TEST_HOST)";
				CODE_SIGN_STYLE = Automatic;
				CURRENT_PROJECT_VERSION = 1;
				DEVELOPMENT_TEAM = T2V9U83CKZ;
				GENERATE_INFOPLIST_FILE = YES;
				IPHONEOS_DEPLOYMENT_TARGET = 18.2;
				MARKETING_VERSION = 1.0;
				PRODUCT_BUNDLE_IDENTIFIER = "Michael-Bautista.HybridAITests";
				PRODUCT_NAME = "$(TARGET_NAME)";
				SWIFT_EMIT_LOC_STRINGS = NO;
				SWIFT_VERSION = 5.0;
				TARGETED_DEVICE_FAMILY = "1,2";
				TEST_HOST = "$(BUILT_PRODUCTS_DIR)/HybridAI.app/$(BUNDLE_EXECUTABLE_FOLDER_PATH)/HybridAI";
			};
			name = Debug;
		};
		891A9E162D63CF1D00D3C538 /* Release */ = {
			isa = XCBuildConfiguration;
			buildSettings = {
				BUNDLE_LOADER = "$(TEST_HOST)";
				CODE_SIGN_STYLE = Automatic;
				CURRENT_PROJECT_VERSION = 1;
				DEVELOPMENT_TEAM = T2V9U83CKZ;
				GENERATE_INFOPLIST_FILE = YES;
				IPHONEOS_DEPLOYMENT_TARGET = 18.2;
				MARKETING_VERSION = 1.0;
				PRODUCT_BUNDLE_IDENTIFIER = "Michael-Bautista.HybridAITests";
				PRODUCT_NAME = "$(TARGET_NAME)";
				SWIFT_EMIT_LOC_STRINGS = NO;
				SWIFT_VERSION = 5.0;
				TARGETED_DEVICE_FAMILY = "1,2";
				TEST_HOST = "$(BUILT_PRODUCTS_DIR)/HybridAI.app/$(BUNDLE_EXECUTABLE_FOLDER_PATH)/HybridAI";
			};
			name = Release;
		};
		891A9E182D63CF1D00D3C538 /* Debug */ = {
			isa = XCBuildConfiguration;
			buildSettings = {
				CODE_SIGN_STYLE = Automatic;
				CURRENT_PROJECT_VERSION = 1;
				DEVELOPMENT_TEAM = T2V9U83CKZ;
				GENERATE_INFOPLIST_FILE = YES;
				MARKETING_VERSION = 1.0;
				PRODUCT_BUNDLE_IDENTIFIER = "Michael-Bautista.HybridAIUITests";
				PRODUCT_NAME = "$(TARGET_NAME)";
				SWIFT_EMIT_LOC_STRINGS = NO;
				SWIFT_VERSION = 5.0;
				TARGETED_DEVICE_FAMILY = "1,2";
				TEST_TARGET_NAME = HybridAI;
			};
			name = Debug;
		};
		891A9E192D63CF1D00D3C538 /* Release */ = {
			isa = XCBuildConfiguration;
			buildSettings = {
				CODE_SIGN_STYLE = Automatic;
				CURRENT_PROJECT_VERSION = 1;
				DEVELOPMENT_TEAM = T2V9U83CKZ;
				GENERATE_INFOPLIST_FILE = YES;
				MARKETING_VERSION = 1.0;
				PRODUCT_BUNDLE_IDENTIFIER = "Michael-Bautista.HybridAIUITests";
				PRODUCT_NAME = "$(TARGET_NAME)";
				SWIFT_EMIT_LOC_STRINGS = NO;
				SWIFT_VERSION = 5.0;
				TARGETED_DEVICE_FAMILY = "1,2";
				TEST_TARGET_NAME = HybridAI;
			};
			name = Release;
		};
/* End XCBuildConfiguration section */

/* Begin XCConfigurationList section */
		891A9DE82D63CF1C00D3C538 /* Build configuration list for PBXProject "HybridAI" */ = {
			isa = XCConfigurationList;
			buildConfigurations = (
				891A9E0F2D63CF1D00D3C538 /* Debug */,
				891A9E102D63CF1D00D3C538 /* Release */,
			);
			defaultConfigurationIsVisible = 0;
			defaultConfigurationName = Release;
		};
		891A9E112D63CF1D00D3C538 /* Build configuration list for PBXNativeTarget "HybridAI" */ = {
			isa = XCConfigurationList;
			buildConfigurations = (
				891A9E122D63CF1D00D3C538 /* Debug */,
				891A9E132D63CF1D00D3C538 /* Release */,
			);
			defaultConfigurationIsVisible = 0;
			defaultConfigurationName = Release;
		};
		891A9E142D63CF1D00D3C538 /* Build configuration list for PBXNativeTarget "HybridAITests" */ = {
			isa = XCConfigurationList;
			buildConfigurations = (
				891A9E152D63CF1D00D3C538 /* Debug */,
				891A9E162D63CF1D00D3C538 /* Release */,
			);
			defaultConfigurationIsVisible = 0;
			defaultConfigurationName = Release;
		};
		891A9E172D63CF1D00D3C538 /* Build configuration list for PBXNativeTarget "HybridAIUITests" */ = {
			isa = XCConfigurationList;
			buildConfigurations = (
				891A9E182D63CF1D00D3C538 /* Debug */,
				891A9E192D63CF1D00D3C538 /* Release */,
			);
			defaultConfigurationIsVisible = 0;
			defaultConfigurationName = Release;
		};
/* End XCConfigurationList section */

/* Begin XCRemoteSwiftPackageReference section */
		891A9E2F2D63D93A00D3C538 /* XCRemoteSwiftPackageReference "supabase-swift" */ = {
			isa = XCRemoteSwiftPackageReference;
			repositoryURL = "https://github.com/supabase/supabase-swift.git";
			requirement = {
				kind = upToNextMajorVersion;
				minimumVersion = 2.5.1;
			};
		};
		89B5740D2D70E49400B31183 /* XCRemoteSwiftPackageReference "purchases-ios-spm" */ = {
			isa = XCRemoteSwiftPackageReference;
			repositoryURL = "https://github.com/RevenueCat/purchases-ios-spm.git";
			requirement = {
				kind = upToNextMajorVersion;
				minimumVersion = 5.18.0;
			};
		};
/* End XCRemoteSwiftPackageReference section */

/* Begin XCSwiftPackageProductDependency section */
		891A9E362D63D9F900D3C538 /* Auth */ = {
			isa = XCSwiftPackageProductDependency;
			package = 891A9E2F2D63D93A00D3C538 /* XCRemoteSwiftPackageReference "supabase-swift" */;
			productName = Auth;
		};
		891A9E382D63D9F900D3C538 /* Functions */ = {
			isa = XCSwiftPackageProductDependency;
			package = 891A9E2F2D63D93A00D3C538 /* XCRemoteSwiftPackageReference "supabase-swift" */;
			productName = Functions;
		};
		891A9E3A2D63D9F900D3C538 /* PostgREST */ = {
			isa = XCSwiftPackageProductDependency;
			package = 891A9E2F2D63D93A00D3C538 /* XCRemoteSwiftPackageReference "supabase-swift" */;
			productName = PostgREST;
		};
		891A9E3C2D63D9F900D3C538 /* Realtime */ = {
			isa = XCSwiftPackageProductDependency;
			package = 891A9E2F2D63D93A00D3C538 /* XCRemoteSwiftPackageReference "supabase-swift" */;
			productName = Realtime;
		};
		891A9E3E2D63D9F900D3C538 /* Storage */ = {
			isa = XCSwiftPackageProductDependency;
			package = 891A9E2F2D63D93A00D3C538 /* XCRemoteSwiftPackageReference "supabase-swift" */;
			productName = Storage;
		};
		891A9E402D63D9F900D3C538 /* Supabase */ = {
			isa = XCSwiftPackageProductDependency;
			package = 891A9E2F2D63D93A00D3C538 /* XCRemoteSwiftPackageReference "supabase-swift" */;
			productName = Supabase;
		};
		89B5740E2D70E49400B31183 /* ReceiptParser */ = {
			isa = XCSwiftPackageProductDependency;
			package = 89B5740D2D70E49400B31183 /* XCRemoteSwiftPackageReference "purchases-ios-spm" */;
			productName = ReceiptParser;
		};
		89B574102D70E49400B31183 /* RevenueCat */ = {
			isa = XCSwiftPackageProductDependency;
			package = 89B5740D2D70E49400B31183 /* XCRemoteSwiftPackageReference "purchases-ios-spm" */;
			productName = RevenueCat;
		};
		89B574122D70E49400B31183 /* RevenueCatUI */ = {
			isa = XCSwiftPackageProductDependency;
			package = 89B5740D2D70E49400B31183 /* XCRemoteSwiftPackageReference "purchases-ios-spm" */;
			productName = RevenueCatUI;
		};
/* End XCSwiftPackageProductDependency section */
	};
	rootObject = 891A9DE52D63CF1C00D3C538 /* Project object */;
}
